
Microsoft Visual Studio Solution File, Format Version 12.00
# Visual Studio Version 16
VisualStudioVersion = 16.0.32602.291
MinimumVisualStudioVersion = 10.0.40219.1
Project("{2150E333-8FDC-42A3-9474-1A3956D46DE8}") = "CommonFiles", "CommonFiles", "{3E909A37-2A3A-49C9-A2A8-45753EA7AC8F}"
	ProjectSection(SolutionItems) = preProject
		CommonFiles\CmnHdr.h = CommonFiles\CmnHdr.h
		CommonFiles\EnsureCleanup.h = CommonFiles\EnsureCleanup.h
		CommonFiles\IoCompletionPort.h = CommonFiles\IoCompletionPort.h
		CommonFiles\Toolhelp.h = CommonFiles\Toolhelp.h
		CommonFiles\Tools.h = CommonFiles\Tools.h
		CommonFiles\WaitChainTraversal.h = CommonFiles\WaitChainTraversal.h
	EndProjectSection
EndProject
Project("{8BC9CEB8-8B4A-11D0-8D11-00A0C91BC942}") = "01.ErrorLookup", "ErrorLookup\ErrorLookup.vcxproj", "{71319945-E225-448C-9AC6-20CD151FDA94}"
EndProject
Project("{8BC9CEB8-8B4A-11D0-8D11-00A0C91BC942}") = "02.UnicodeString", "UnicodeString\UnicodeString.vcxproj", "{AF9290F2-6561-498C-8F1A-B5E4B89646B9}"
	ProjectSection(ProjectDependencies) = postProject
		{B00F3007-0167-486E-9A94-1247A85E0929} = {B00F3007-0167-486E-9A94-1247A85E0929}
	EndProjectSection
EndProject
Project("{8BC9CEB8-8B4A-11D0-8D11-00A0C91BC942}") = "02.UnicodeStringDLL", "UnicodeStringDLL\UnicodeStringDLL.vcxproj", "{B00F3007-0167-486E-9A94-1247A85E0929}"
EndProject
Project("{8BC9CEB8-8B4A-11D0-8D11-00A0C91BC942}") = "03.KernelObject", "KernelObject\KernelObject.vcxproj", "{2D18A53C-1A5D-4FC4-BB2F-228DED8B7244}"
EndProject
Project("{8BC9CEB8-8B4A-11D0-8D11-00A0C91BC942}") = "03.DuplicateHandle1", "DuplicateHandle1\DuplicateHandle1.vcxproj", "{87D8CE71-15E3-44F7-BF04-25DC75D77072}"
EndProject
Project("{8BC9CEB8-8B4A-11D0-8D11-00A0C91BC942}") = "03.DuplicateHandle2", "DuplicateHandle2\DuplicateHandle2.vcxproj", "{85A72776-70A4-403F-8DDD-2508DC9224CC}"
EndProject
Project("{8BC9CEB8-8B4A-11D0-8D11-00A0C91BC942}") = "03.DuplicateHandle3", "DuplicateHandle3\DuplicateHandle3.vcxproj", "{25A9365B-B8A5-4762-A41E-A25936A227C2}"
EndProject
Project("{8BC9CEB8-8B4A-11D0-8D11-00A0C91BC942}") = "04.ProcessCUI", "ProcessCUI\ProcessCUI.vcxproj", "{C4F2E4B6-CE88-409E-B85D-29C691B9EEB0}"
EndProject
Project("{8BC9CEB8-8B4A-11D0-8D11-00A0C91BC942}") = "04.ProcessGUI", "ProcessGUI\ProcessGUI.vcxproj", "{2B2A2DC8-732B-47B7-B039-4E1AF53B0132}"
EndProject
Project("{8BC9CEB8-8B4A-11D0-8D11-00A0C91BC942}") = "00.CommonFilesLib", "CommonFilesLib\CommonFilesLib.vcxproj", "{BBB60B64-E51C-46CF-B0C7-E07C07FF208D}"
EndProject
Project("{8BC9CEB8-8B4A-11D0-8D11-00A0C91BC942}") = "04.ProcessCUIPDHPerf", "ProcessCUIPDHPerf\ProcessCUIPDHPerf.vcxproj", "{C2C247C4-65FC-4A53-AA00-CDC0007A2472}"
EndProject
Global
	GlobalSection(SolutionConfigurationPlatforms) = preSolution
		Debug|x64 = Debug|x64
		Debug|x86 = Debug|x86
		Release|x64 = Release|x64
		Release|x86 = Release|x86
	EndGlobalSection
	GlobalSection(ProjectConfigurationPlatforms) = postSolution
		{71319945-E225-448C-9AC6-20CD151FDA94}.Debug|x64.ActiveCfg = Debug|x64
		{71319945-E225-448C-9AC6-20CD151FDA94}.Debug|x64.Build.0 = Debug|x64
		{71319945-E225-448C-9AC6-20CD151FDA94}.Debug|x86.ActiveCfg = Debug|Win32
		{71319945-E225-448C-9AC6-20CD151FDA94}.Debug|x86.Build.0 = Debug|Win32
		{71319945-E225-448C-9AC6-20CD151FDA94}.Release|x64.ActiveCfg = Release|x64
		{71319945-E225-448C-9AC6-20CD151FDA94}.Release|x64.Build.0 = Release|x64
		{71319945-E225-448C-9AC6-20CD151FDA94}.Release|x86.ActiveCfg = Release|Win32
		{71319945-E225-448C-9AC6-20CD151FDA94}.Release|x86.Build.0 = Release|Win32
		{AF9290F2-6561-498C-8F1A-B5E4B89646B9}.Debug|x64.ActiveCfg = Debug|x64
		{AF9290F2-6561-498C-8F1A-B5E4B89646B9}.Debug|x64.Build.0 = Debug|x64
		{AF9290F2-6561-498C-8F1A-B5E4B89646B9}.Debug|x86.ActiveCfg = Debug|Win32
		{AF9290F2-6561-498C-8F1A-B5E4B89646B9}.Debug|x86.Build.0 = Debug|Win32
		{AF9290F2-6561-498C-8F1A-B5E4B89646B9}.Release|x64.ActiveCfg = Release|x64
		{AF9290F2-6561-498C-8F1A-B5E4B89646B9}.Release|x64.Build.0 = Release|x64
		{AF9290F2-6561-498C-8F1A-B5E4B89646B9}.Release|x86.ActiveCfg = Release|Win32
		{AF9290F2-6561-498C-8F1A-B5E4B89646B9}.Release|x86.Build.0 = Release|Win32
		{B00F3007-0167-486E-9A94-1247A85E0929}.Debug|x64.ActiveCfg = Debug|x64
		{B00F3007-0167-486E-9A94-1247A85E0929}.Debug|x64.Build.0 = Debug|x64
		{B00F3007-0167-486E-9A94-1247A85E0929}.Debug|x86.ActiveCfg = Debug|Win32
		{B00F3007-0167-486E-9A94-1247A85E0929}.Debug|x86.Build.0 = Debug|Win32
		{B00F3007-0167-486E-9A94-1247A85E0929}.Release|x64.ActiveCfg = Release|x64
		{B00F3007-0167-486E-9A94-1247A85E0929}.Release|x64.Build.0 = Release|x64
		{B00F3007-0167-486E-9A94-1247A85E0929}.Release|x86.ActiveCfg = Release|Win32
		{B00F3007-0167-486E-9A94-1247A85E0929}.Release|x86.Build.0 = Release|Win32
		{2D18A53C-1A5D-4FC4-BB2F-228DED8B7244}.Debug|x64.ActiveCfg = Debug|x64
		{2D18A53C-1A5D-4FC4-BB2F-228DED8B7244}.Debug|x64.Build.0 = Debug|x64
		{2D18A53C-1A5D-4FC4-BB2F-228DED8B7244}.Debug|x86.ActiveCfg = Debug|Win32
		{2D18A53C-1A5D-4FC4-BB2F-228DED8B7244}.Debug|x86.Build.0 = Debug|Win32
		{2D18A53C-1A5D-4FC4-BB2F-228DED8B7244}.Release|x64.ActiveCfg = Release|x64
		{2D18A53C-1A5D-4FC4-BB2F-228DED8B7244}.Release|x64.Build.0 = Release|x64
		{2D18A53C-1A5D-4FC4-BB2F-228DED8B7244}.Release|x86.ActiveCfg = Release|Win32
		{2D18A53C-1A5D-4FC4-BB2F-228DED8B7244}.Release|x86.Build.0 = Release|Win32
		{87D8CE71-15E3-44F7-BF04-25DC75D77072}.Debug|x64.ActiveCfg = Debug|x64
		{87D8CE71-15E3-44F7-BF04-25DC75D77072}.Debug|x64.Build.0 = Debug|x64
		{87D8CE71-15E3-44F7-BF04-25DC75D77072}.Debug|x86.ActiveCfg = Debug|Win32
		{87D8CE71-15E3-44F7-BF04-25DC75D77072}.Debug|x86.Build.0 = Debug|Win32
		{87D8CE71-15E3-44F7-BF04-25DC75D77072}.Release|x64.ActiveCfg = Release|x64
		{87D8CE71-15E3-44F7-BF04-25DC75D77072}.Release|x64.Build.0 = Release|x64
		{87D8CE71-15E3-44F7-BF04-25DC75D77072}.Release|x86.ActiveCfg = Release|Win32
		{87D8CE71-15E3-44F7-BF04-25DC75D77072}.Release|x86.Build.0 = Release|Win32
		{85A72776-70A4-403F-8DDD-2508DC9224CC}.Debug|x64.ActiveCfg = Debug|x64
		{85A72776-70A4-403F-8DDD-2508DC9224CC}.Debug|x64.Build.0 = Debug|x64
		{85A72776-70A4-403F-8DDD-2508DC9224CC}.Debug|x86.ActiveCfg = Debug|Win32
		{85A72776-70A4-403F-8DDD-2508DC9224CC}.Debug|x86.Build.0 = Debug|Win32
		{85A72776-70A4-403F-8DDD-2508DC9224CC}.Release|x64.ActiveCfg = Release|x64
		{85A72776-70A4-403F-8DDD-2508DC9224CC}.Release|x64.Build.0 = Release|x64
		{85A72776-70A4-403F-8DDD-2508DC9224CC}.Release|x86.ActiveCfg = Release|Win32
		{85A72776-70A4-403F-8DDD-2508DC9224CC}.Release|x86.Build.0 = Release|Win32
		{25A9365B-B8A5-4762-A41E-A25936A227C2}.Debug|x64.ActiveCfg = Debug|x64
		{25A9365B-B8A5-4762-A41E-A25936A227C2}.Debug|x64.Build.0 = Debug|x64
		{25A9365B-B8A5-4762-A41E-A25936A227C2}.Debug|x86.ActiveCfg = Debug|Win32
		{25A9365B-B8A5-4762-A41E-A25936A227C2}.Debug|x86.Build.0 = Debug|Win32
		{25A9365B-B8A5-4762-A41E-A25936A227C2}.Release|x64.ActiveCfg = Release|x64
		{25A9365B-B8A5-4762-A41E-A25936A227C2}.Release|x64.Build.0 = Release|x64
		{25A9365B-B8A5-4762-A41E-A25936A227C2}.Release|x86.ActiveCfg = Release|Win32
		{25A9365B-B8A5-4762-A41E-A25936A227C2}.Release|x86.Build.0 = Release|Win32
		{C4F2E4B6-CE88-409E-B85D-29C691B9EEB0}.Debug|x64.ActiveCfg = Debug|x64
		{C4F2E4B6-CE88-409E-B85D-29C691B9EEB0}.Debug|x64.Build.0 = Debug|x64
		{C4F2E4B6-CE88-409E-B85D-29C691B9EEB0}.Debug|x86.ActiveCfg = Debug|Win32
		{C4F2E4B6-CE88-409E-B85D-29C691B9EEB0}.Debug|x86.Build.0 = Debug|Win32
		{C4F2E4B6-CE88-409E-B85D-29C691B9EEB0}.Release|x64.ActiveCfg = Release|x64
		{C4F2E4B6-CE88-409E-B85D-29C691B9EEB0}.Release|x64.Build.0 = Release|x64
		{C4F2E4B6-CE88-409E-B85D-29C691B9EEB0}.Release|x86.ActiveCfg = Release|Win32
		{C4F2E4B6-CE88-409E-B85D-29C691B9EEB0}.Release|x86.Build.0 = Release|Win32
		{2B2A2DC8-732B-47B7-B039-4E1AF53B0132}.Debug|x64.ActiveCfg = Debug|x64
		{2B2A2DC8-732B-47B7-B039-4E1AF53B0132}.Debug|x64.Build.0 = Debug|x64
		{2B2A2DC8-732B-47B7-B039-4E1AF53B0132}.Debug|x86.ActiveCfg = Debug|Win32
		{2B2A2DC8-732B-47B7-B039-4E1AF53B0132}.Debug|x86.Build.0 = Debug|Win32
		{2B2A2DC8-732B-47B7-B039-4E1AF53B0132}.Release|x64.ActiveCfg = Release|x64
		{2B2A2DC8-732B-47B7-B039-4E1AF53B0132}.Release|x64.Build.0 = Release|x64
		{2B2A2DC8-732B-47B7-B039-4E1AF53B0132}.Release|x86.ActiveCfg = Release|Win32
		{2B2A2DC8-732B-47B7-B039-4E1AF53B0132}.Release|x86.Build.0 = Release|Win32
		{BBB60B64-E51C-46CF-B0C7-E07C07FF208D}.Debug|x64.ActiveCfg = Debug|x64
		{BBB60B64-E51C-46CF-B0C7-E07C07FF208D}.Debug|x64.Build.0 = Debug|x64
		{BBB60B64-E51C-46CF-B0C7-E07C07FF208D}.Debug|x86.ActiveCfg = Debug|Win32
		{BBB60B64-E51C-46CF-B0C7-E07C07FF208D}.Debug|x86.Build.0 = Debug|Win32
		{BBB60B64-E51C-46CF-B0C7-E07C07FF208D}.Release|x64.ActiveCfg = Release|x64
		{BBB60B64-E51C-46CF-B0C7-E07C07FF208D}.Release|x64.Build.0 = Release|x64
		{BBB60B64-E51C-46CF-B0C7-E07C07FF208D}.Release|x86.ActiveCfg = Release|Win32
		{BBB60B64-E51C-46CF-B0C7-E07C07FF208D}.Release|x86.Build.0 = Release|Win32
		{C2C247C4-65FC-4A53-AA00-CDC0007A2472}.Debug|x64.ActiveCfg = Debug|x64
		{C2C247C4-65FC-4A53-AA00-CDC0007A2472}.Debug|x64.Build.0 = Debug|x64
		{C2C247C4-65FC-4A53-AA00-CDC0007A2472}.Debug|x86.ActiveCfg = Debug|Win32
		{C2C247C4-65FC-4A53-AA00-CDC0007A2472}.Debug|x86.Build.0 = Debug|Win32
		{C2C247C4-65FC-4A53-AA00-CDC0007A2472}.Release|x64.ActiveCfg = Release|x64
		{C2C247C4-65FC-4A53-AA00-CDC0007A2472}.Release|x64.Build.0 = Release|x64
		{C2C247C4-65FC-4A53-AA00-CDC0007A2472}.Release|x86.ActiveCfg = Release|Win32
		{C2C247C4-65FC-4A53-AA00-CDC0007A2472}.Release|x86.Build.0 = Release|Win32
	EndGlobalSection
	GlobalSection(SolutionProperties) = preSolution
		HideSolutionNode = FALSE
	EndGlobalSection
	GlobalSection(ExtensibilityGlobals) = postSolution
		SolutionGuid = {BFBE274B-7B87-4F61-AF79-8219930D383E}
	EndGlobalSection
EndGlobal
