
Microsoft Visual Studio Solution File, Format Version 12.00
# Visual Studio Version 16
VisualStudioVersion = 16.0.32602.291
MinimumVisualStudioVersion = 10.0.40219.1
Project("{2150E333-8FDC-42A3-9474-1A3956D46DE8}") = "CommonFiles", "CommonFiles", "{3E909A37-2A3A-49C9-A2A8-45753EA7AC8F}"
	ProjectSection(SolutionItems) = preProject
		CommonFiles\CmnHdr.h = CommonFiles\CmnHdr.h
		CommonFiles\EnsureCleanup.h = CommonFiles\EnsureCleanup.h
		CommonFiles\IoCompletionPort.h = CommonFiles\IoCompletionPort.h
		CommonFiles\Toolhelp.h = CommonFiles\Toolhelp.h
		CommonFiles\Tools.h = CommonFiles\Tools.h
		CommonFiles\WaitChainTraversal.h = CommonFiles\WaitChainTraversal.h
	EndProjectSection
EndProject
Project("{8BC9CEB8-8B4A-11D0-8D11-00A0C91BC942}") = "01.ErrorLookup", "01.ErrorLookup\ErrorLookup.vcxproj", "{71319945-E225-448C-9AC6-20CD151FDA94}"
EndProject
Project("{8BC9CEB8-8B4A-11D0-8D11-00A0C91BC942}") = "02.UnicodeString", "02.UnicodeString\UnicodeString.vcxproj", "{AF9290F2-6561-498C-8F1A-B5E4B89646B9}"
	ProjectSection(ProjectDependencies) = postProject
		{B00F3007-0167-486E-9A94-1247A85E0929} = {B00F3007-0167-486E-9A94-1247A85E0929}
	EndProjectSection
EndProject
Project("{8BC9CEB8-8B4A-11D0-8D11-00A0C91BC942}") = "02.UnicodeStringDLL", "02.UnicodeStringDLL\UnicodeStringDLL.vcxproj", "{B00F3007-0167-486E-9A94-1247A85E0929}"
EndProject
Project("{8BC9CEB8-8B4A-11D0-8D11-00A0C91BC942}") = "03.KernelObject", "03.KernelObject\KernelObject.vcxproj", "{2D18A53C-1A5D-4FC4-BB2F-228DED8B7244}"
EndProject
Project("{8BC9CEB8-8B4A-11D0-8D11-00A0C91BC942}") = "03.DuplicateHandle1", "03.DuplicateHandle1\DuplicateHandle1.vcxproj", "{87D8CE71-15E3-44F7-BF04-25DC75D77072}"
EndProject
Project("{8BC9CEB8-8B4A-11D0-8D11-00A0C91BC942}") = "03.DuplicateHandle2", "03.DuplicateHandle2\DuplicateHandle2.vcxproj", "{85A72776-70A4-403F-8DDD-2508DC9224CC}"
EndProject
Project("{8BC9CEB8-8B4A-11D0-8D11-00A0C91BC942}") = "03.DuplicateHandle3", "03.DuplicateHandle3\DuplicateHandle3.vcxproj", "{25A9365B-B8A5-4762-A41E-A25936A227C2}"
EndProject
Project("{8BC9CEB8-8B4A-11D0-8D11-00A0C91BC942}") = "04.ProcessCUI", "04.ProcessCUI\ProcessCUI.vcxproj", "{C4F2E4B6-CE88-409E-B85D-29C691B9EEB0}"
EndProject
Project("{8BC9CEB8-8B4A-11D0-8D11-00A0C91BC942}") = "04.ProcessGUI", "04.ProcessGUI\ProcessGUI.vcxproj", "{2B2A2DC8-732B-47B7-B039-4E1AF53B0132}"
EndProject
Project("{8BC9CEB8-8B4A-11D0-8D11-00A0C91BC942}") = "00.CommonFilesLib", "00.CommonFilesLib\CommonFilesLib.vcxproj", "{BBB60B64-E51C-46CF-B0C7-E07C07FF208D}"
EndProject
Project("{8BC9CEB8-8B4A-11D0-8D11-00A0C91BC942}") = "04.ProcessCUIPDHPerf", "04.ProcessCUIPDHPerf\ProcessCUIPDHPerf.vcxproj", "{C2C247C4-65FC-4A53-AA00-CDC0007A2472}"
EndProject
Project("{8BC9CEB8-8B4A-11D0-8D11-00A0C91BC942}") = "05.Job", "05.Job\Job.vcxproj", "{3064D441-CAEC-45F5-AE06-5ADE0BE3B2FC}"
EndProject
Project("{8BC9CEB8-8B4A-11D0-8D11-00A0C91BC942}") = "06.ThreadBasic", "06.ThreadBasic\ThreadBasic.vcxproj", "{7DC32499-A983-4B84-9BB4-8BFF272E954F}"
EndProject
Project("{8BC9CEB8-8B4A-11D0-8D11-00A0C91BC942}") = "07.ThreadSchedule", "07.ThreadSchedule\ThreadSchedule.vcxproj", "{D04D65CA-B03F-41B0-9D95-AF5387F2EC67}"
EndProject
Project("{8BC9CEB8-8B4A-11D0-8D11-00A0C91BC942}") = "08.ThreadSyncUserMode", "08.ThreadSyncUserMode\ThreadSyncUserMode.vcxproj", "{28B806E6-8FE3-4B24-8037-B468763903F0}"
EndProject
Project("{8BC9CEB8-8B4A-11D0-8D11-00A0C91BC942}") = "08.ThreadQueue", "08.ThreadQueue\ThreadQueue.vcxproj", "{58E42800-0A09-4675-AEB2-A2E2C4BF6BE1}"
EndProject
Project("{8BC9CEB8-8B4A-11D0-8D11-00A0C91BC942}") = "09.KernelBase", "09.KernelBase\KernelBase.vcxproj", "{428E6DC3-4274-4ACE-AD68-3939232DE9CC}"
EndProject
Project("{8BC9CEB8-8B4A-11D0-8D11-00A0C91BC942}") = "09.KernelQueue", "09.KernelQueue\KernelQueue.vcxproj", "{ABED93FA-CD75-4D68-B166-C97F1F7C8F9D}"
EndProject
Project("{8BC9CEB8-8B4A-11D0-8D11-00A0C91BC942}") = "10.SyncAndAsyncIO", "10.SyncAndAsyncIO\SyncAndAsyncIO.vcxproj", "{EE2FF3ED-DC5A-42B8-AA12-5FABB1EAE1DF}"
EndProject
Project("{8BC9CEB8-8B4A-11D0-8D11-00A0C91BC942}") = "10.CompletionIOPort", "10.CompletionIOPort\10.CompletionIOPort.vcxproj", "{C0C1965E-393B-4E5F-B6BD-5356AA56370B}"
EndProject
Project("{8BC9CEB8-8B4A-11D0-8D11-00A0C91BC942}") = "11.ThreadPool", "11.ThreadPool\11.ThreadPool.vcxproj", "{6FBBB272-D021-4CB4-A04B-F4D72690070D}"
EndProject
Project("{8BC9CEB8-8B4A-11D0-8D11-00A0C91BC942}") = "19.DLLBasic", "19.DLLBasic\19.DLLBasic.vcxproj", "{7DF379E3-B41E-4071-8AD3-A10C51D14CC9}"
EndProject
Project("{8BC9CEB8-8B4A-11D0-8D11-00A0C91BC942}") = "19.DLLBasicExe", "19.DLLBasicExe\19.DLLBasicExe.vcxproj", "{A522C3E9-655C-4163-B4BC-2DC88686CA07}"
EndProject
Project("{8BC9CEB8-8B4A-11D0-8D11-00A0C91BC942}") = "20.DLLAdvancedExe", "20.DLLAdvancedExe\20.DLLAdvancedExe.vcxproj", "{96191DF4-F072-441D-9630-703F5BA6FC67}"
EndProject
Project("{8BC9CEB8-8B4A-11D0-8D11-00A0C91BC942}") = "20.DLLAdvanced", "20.DLLAdvanced\20.DLLAdvanced.vcxproj", "{404A1918-C95F-4AFF-9F59-8A4C6F98EB12}"
EndProject
Project("{8BC9CEB8-8B4A-11D0-8D11-00A0C91BC942}") = "20.DelayLoadDLL", "20.DelayLoadDLL\20.DelayLoadDLL.vcxproj", "{EC4D9377-DFFF-4B4D-AFC8-6953414C7603}"
EndProject
Project("{8BC9CEB8-8B4A-11D0-8D11-00A0C91BC942}") = "21.TLS", "21.TLS\21.TLS.vcxproj", "{5A61956F-EE20-4888-8ACA-6109EEF13127}"
EndProject
Project("{8BC9CEB8-8B4A-11D0-8D11-00A0C91BC942}") = "21.TLSDLL", "21.TLSDLL\21.TLSDLL.vcxproj", "{605C281E-26FC-4F12-8E4B-0190632513B0}"
EndProject
Project("{8BC9CEB8-8B4A-11D0-8D11-00A0C91BC942}") = "21.DLLHook", "21.DLLHook\21.DLLHook.vcxproj", "{C19CF43C-9122-4A83-923D-991D138BF4D3}"
EndProject
Project("{8BC9CEB8-8B4A-11D0-8D11-00A0C91BC942}") = "21.DLLHookExe", "21.DLLHookExe\21.DLLHookExe.vcxproj", "{C436661B-0F26-467B-847A-CE4C799CD490}"
EndProject
Global
	GlobalSection(SolutionConfigurationPlatforms) = preSolution
		Debug|x64 = Debug|x64
		Release|x64 = Release|x64
	EndGlobalSection
	GlobalSection(ProjectConfigurationPlatforms) = postSolution
		{71319945-E225-448C-9AC6-20CD151FDA94}.Debug|x64.ActiveCfg = Debug|x64
		{71319945-E225-448C-9AC6-20CD151FDA94}.Debug|x64.Build.0 = Debug|x64
		{71319945-E225-448C-9AC6-20CD151FDA94}.Release|x64.ActiveCfg = Release|x64
		{71319945-E225-448C-9AC6-20CD151FDA94}.Release|x64.Build.0 = Release|x64
		{AF9290F2-6561-498C-8F1A-B5E4B89646B9}.Debug|x64.ActiveCfg = Debug|x64
		{AF9290F2-6561-498C-8F1A-B5E4B89646B9}.Debug|x64.Build.0 = Debug|x64
		{AF9290F2-6561-498C-8F1A-B5E4B89646B9}.Release|x64.ActiveCfg = Release|x64
		{AF9290F2-6561-498C-8F1A-B5E4B89646B9}.Release|x64.Build.0 = Release|x64
		{B00F3007-0167-486E-9A94-1247A85E0929}.Debug|x64.ActiveCfg = Debug|x64
		{B00F3007-0167-486E-9A94-1247A85E0929}.Debug|x64.Build.0 = Debug|x64
		{B00F3007-0167-486E-9A94-1247A85E0929}.Release|x64.ActiveCfg = Release|x64
		{B00F3007-0167-486E-9A94-1247A85E0929}.Release|x64.Build.0 = Release|x64
		{2D18A53C-1A5D-4FC4-BB2F-228DED8B7244}.Debug|x64.ActiveCfg = Debug|x64
		{2D18A53C-1A5D-4FC4-BB2F-228DED8B7244}.Debug|x64.Build.0 = Debug|x64
		{2D18A53C-1A5D-4FC4-BB2F-228DED8B7244}.Release|x64.ActiveCfg = Release|x64
		{2D18A53C-1A5D-4FC4-BB2F-228DED8B7244}.Release|x64.Build.0 = Release|x64
		{87D8CE71-15E3-44F7-BF04-25DC75D77072}.Debug|x64.ActiveCfg = Debug|x64
		{87D8CE71-15E3-44F7-BF04-25DC75D77072}.Debug|x64.Build.0 = Debug|x64
		{87D8CE71-15E3-44F7-BF04-25DC75D77072}.Release|x64.ActiveCfg = Release|x64
		{87D8CE71-15E3-44F7-BF04-25DC75D77072}.Release|x64.Build.0 = Release|x64
		{85A72776-70A4-403F-8DDD-2508DC9224CC}.Debug|x64.ActiveCfg = Debug|x64
		{85A72776-70A4-403F-8DDD-2508DC9224CC}.Debug|x64.Build.0 = Debug|x64
		{85A72776-70A4-403F-8DDD-2508DC9224CC}.Release|x64.ActiveCfg = Release|x64
		{85A72776-70A4-403F-8DDD-2508DC9224CC}.Release|x64.Build.0 = Release|x64
		{25A9365B-B8A5-4762-A41E-A25936A227C2}.Debug|x64.ActiveCfg = Debug|x64
		{25A9365B-B8A5-4762-A41E-A25936A227C2}.Debug|x64.Build.0 = Debug|x64
		{25A9365B-B8A5-4762-A41E-A25936A227C2}.Release|x64.ActiveCfg = Release|x64
		{25A9365B-B8A5-4762-A41E-A25936A227C2}.Release|x64.Build.0 = Release|x64
		{C4F2E4B6-CE88-409E-B85D-29C691B9EEB0}.Debug|x64.ActiveCfg = Debug|x64
		{C4F2E4B6-CE88-409E-B85D-29C691B9EEB0}.Debug|x64.Build.0 = Debug|x64
		{C4F2E4B6-CE88-409E-B85D-29C691B9EEB0}.Release|x64.ActiveCfg = Release|x64
		{C4F2E4B6-CE88-409E-B85D-29C691B9EEB0}.Release|x64.Build.0 = Release|x64
		{2B2A2DC8-732B-47B7-B039-4E1AF53B0132}.Debug|x64.ActiveCfg = Debug|x64
		{2B2A2DC8-732B-47B7-B039-4E1AF53B0132}.Debug|x64.Build.0 = Debug|x64
		{2B2A2DC8-732B-47B7-B039-4E1AF53B0132}.Release|x64.ActiveCfg = Release|x64
		{2B2A2DC8-732B-47B7-B039-4E1AF53B0132}.Release|x64.Build.0 = Release|x64
		{BBB60B64-E51C-46CF-B0C7-E07C07FF208D}.Debug|x64.ActiveCfg = Debug|x64
		{BBB60B64-E51C-46CF-B0C7-E07C07FF208D}.Debug|x64.Build.0 = Debug|x64
		{BBB60B64-E51C-46CF-B0C7-E07C07FF208D}.Release|x64.ActiveCfg = Release|x64
		{BBB60B64-E51C-46CF-B0C7-E07C07FF208D}.Release|x64.Build.0 = Release|x64
		{C2C247C4-65FC-4A53-AA00-CDC0007A2472}.Debug|x64.ActiveCfg = Debug|x64
		{C2C247C4-65FC-4A53-AA00-CDC0007A2472}.Debug|x64.Build.0 = Debug|x64
		{C2C247C4-65FC-4A53-AA00-CDC0007A2472}.Release|x64.ActiveCfg = Release|x64
		{C2C247C4-65FC-4A53-AA00-CDC0007A2472}.Release|x64.Build.0 = Release|x64
		{3064D441-CAEC-45F5-AE06-5ADE0BE3B2FC}.Debug|x64.ActiveCfg = Debug|x64
		{3064D441-CAEC-45F5-AE06-5ADE0BE3B2FC}.Debug|x64.Build.0 = Debug|x64
		{3064D441-CAEC-45F5-AE06-5ADE0BE3B2FC}.Release|x64.ActiveCfg = Release|x64
		{3064D441-CAEC-45F5-AE06-5ADE0BE3B2FC}.Release|x64.Build.0 = Release|x64
		{7DC32499-A983-4B84-9BB4-8BFF272E954F}.Debug|x64.ActiveCfg = Debug|x64
		{7DC32499-A983-4B84-9BB4-8BFF272E954F}.Debug|x64.Build.0 = Debug|x64
		{7DC32499-A983-4B84-9BB4-8BFF272E954F}.Release|x64.ActiveCfg = Release|x64
		{7DC32499-A983-4B84-9BB4-8BFF272E954F}.Release|x64.Build.0 = Release|x64
		{D04D65CA-B03F-41B0-9D95-AF5387F2EC67}.Debug|x64.ActiveCfg = Debug|x64
		{D04D65CA-B03F-41B0-9D95-AF5387F2EC67}.Debug|x64.Build.0 = Debug|x64
		{D04D65CA-B03F-41B0-9D95-AF5387F2EC67}.Release|x64.ActiveCfg = Release|x64
		{D04D65CA-B03F-41B0-9D95-AF5387F2EC67}.Release|x64.Build.0 = Release|x64
		{28B806E6-8FE3-4B24-8037-B468763903F0}.Debug|x64.ActiveCfg = Debug|x64
		{28B806E6-8FE3-4B24-8037-B468763903F0}.Debug|x64.Build.0 = Debug|x64
		{28B806E6-8FE3-4B24-8037-B468763903F0}.Release|x64.ActiveCfg = Release|x64
		{28B806E6-8FE3-4B24-8037-B468763903F0}.Release|x64.Build.0 = Release|x64
		{58E42800-0A09-4675-AEB2-A2E2C4BF6BE1}.Debug|x64.ActiveCfg = Debug|x64
		{58E42800-0A09-4675-AEB2-A2E2C4BF6BE1}.Debug|x64.Build.0 = Debug|x64
		{58E42800-0A09-4675-AEB2-A2E2C4BF6BE1}.Release|x64.ActiveCfg = Release|x64
		{58E42800-0A09-4675-AEB2-A2E2C4BF6BE1}.Release|x64.Build.0 = Release|x64
		{428E6DC3-4274-4ACE-AD68-3939232DE9CC}.Debug|x64.ActiveCfg = Debug|x64
		{428E6DC3-4274-4ACE-AD68-3939232DE9CC}.Debug|x64.Build.0 = Debug|x64
		{428E6DC3-4274-4ACE-AD68-3939232DE9CC}.Release|x64.ActiveCfg = Release|x64
		{428E6DC3-4274-4ACE-AD68-3939232DE9CC}.Release|x64.Build.0 = Release|x64
		{ABED93FA-CD75-4D68-B166-C97F1F7C8F9D}.Debug|x64.ActiveCfg = Debug|x64
		{ABED93FA-CD75-4D68-B166-C97F1F7C8F9D}.Debug|x64.Build.0 = Debug|x64
		{ABED93FA-CD75-4D68-B166-C97F1F7C8F9D}.Release|x64.ActiveCfg = Release|x64
		{ABED93FA-CD75-4D68-B166-C97F1F7C8F9D}.Release|x64.Build.0 = Release|x64
		{EE2FF3ED-DC5A-42B8-AA12-5FABB1EAE1DF}.Debug|x64.ActiveCfg = Debug|x64
		{EE2FF3ED-DC5A-42B8-AA12-5FABB1EAE1DF}.Debug|x64.Build.0 = Debug|x64
		{EE2FF3ED-DC5A-42B8-AA12-5FABB1EAE1DF}.Release|x64.ActiveCfg = Release|x64
		{EE2FF3ED-DC5A-42B8-AA12-5FABB1EAE1DF}.Release|x64.Build.0 = Release|x64
		{C0C1965E-393B-4E5F-B6BD-5356AA56370B}.Debug|x64.ActiveCfg = Debug|x64
		{C0C1965E-393B-4E5F-B6BD-5356AA56370B}.Debug|x64.Build.0 = Debug|x64
		{C0C1965E-393B-4E5F-B6BD-5356AA56370B}.Release|x64.ActiveCfg = Release|x64
		{C0C1965E-393B-4E5F-B6BD-5356AA56370B}.Release|x64.Build.0 = Release|x64
		{6FBBB272-D021-4CB4-A04B-F4D72690070D}.Debug|x64.ActiveCfg = Debug|x64
		{6FBBB272-D021-4CB4-A04B-F4D72690070D}.Debug|x64.Build.0 = Debug|x64
		{6FBBB272-D021-4CB4-A04B-F4D72690070D}.Release|x64.ActiveCfg = Release|x64
		{6FBBB272-D021-4CB4-A04B-F4D72690070D}.Release|x64.Build.0 = Release|x64
		{7DF379E3-B41E-4071-8AD3-A10C51D14CC9}.Debug|x64.ActiveCfg = Debug|x64
		{7DF379E3-B41E-4071-8AD3-A10C51D14CC9}.Debug|x64.Build.0 = Debug|x64
		{7DF379E3-B41E-4071-8AD3-A10C51D14CC9}.Release|x64.ActiveCfg = Release|x64
		{7DF379E3-B41E-4071-8AD3-A10C51D14CC9}.Release|x64.Build.0 = Release|x64
		{A522C3E9-655C-4163-B4BC-2DC88686CA07}.Debug|x64.ActiveCfg = Debug|x64
		{A522C3E9-655C-4163-B4BC-2DC88686CA07}.Debug|x64.Build.0 = Debug|x64
		{A522C3E9-655C-4163-B4BC-2DC88686CA07}.Release|x64.ActiveCfg = Release|x64
		{A522C3E9-655C-4163-B4BC-2DC88686CA07}.Release|x64.Build.0 = Release|x64
		{96191DF4-F072-441D-9630-703F5BA6FC67}.Debug|x64.ActiveCfg = Debug|x64
		{96191DF4-F072-441D-9630-703F5BA6FC67}.Debug|x64.Build.0 = Debug|x64
		{96191DF4-F072-441D-9630-703F5BA6FC67}.Release|x64.ActiveCfg = Release|x64
		{96191DF4-F072-441D-9630-703F5BA6FC67}.Release|x64.Build.0 = Release|x64
		{404A1918-C95F-4AFF-9F59-8A4C6F98EB12}.Debug|x64.ActiveCfg = Debug|x64
		{404A1918-C95F-4AFF-9F59-8A4C6F98EB12}.Debug|x64.Build.0 = Debug|x64
		{404A1918-C95F-4AFF-9F59-8A4C6F98EB12}.Release|x64.ActiveCfg = Release|x64
		{404A1918-C95F-4AFF-9F59-8A4C6F98EB12}.Release|x64.Build.0 = Release|x64
		{EC4D9377-DFFF-4B4D-AFC8-6953414C7603}.Debug|x64.ActiveCfg = Debug|x64
		{EC4D9377-DFFF-4B4D-AFC8-6953414C7603}.Debug|x64.Build.0 = Debug|x64
		{EC4D9377-DFFF-4B4D-AFC8-6953414C7603}.Release|x64.ActiveCfg = Release|x64
		{EC4D9377-DFFF-4B4D-AFC8-6953414C7603}.Release|x64.Build.0 = Release|x64
		{5A61956F-EE20-4888-8ACA-6109EEF13127}.Debug|x64.ActiveCfg = Debug|x64
		{5A61956F-EE20-4888-8ACA-6109EEF13127}.Debug|x64.Build.0 = Debug|x64
		{5A61956F-EE20-4888-8ACA-6109EEF13127}.Release|x64.ActiveCfg = Release|x64
		{5A61956F-EE20-4888-8ACA-6109EEF13127}.Release|x64.Build.0 = Release|x64
		{605C281E-26FC-4F12-8E4B-0190632513B0}.Debug|x64.ActiveCfg = Debug|x64
		{605C281E-26FC-4F12-8E4B-0190632513B0}.Debug|x64.Build.0 = Debug|x64
		{605C281E-26FC-4F12-8E4B-0190632513B0}.Release|x64.ActiveCfg = Release|x64
		{605C281E-26FC-4F12-8E4B-0190632513B0}.Release|x64.Build.0 = Release|x64
		{C19CF43C-9122-4A83-923D-991D138BF4D3}.Debug|x64.ActiveCfg = Debug|x64
		{C19CF43C-9122-4A83-923D-991D138BF4D3}.Debug|x64.Build.0 = Debug|x64
		{C19CF43C-9122-4A83-923D-991D138BF4D3}.Release|x64.ActiveCfg = Release|x64
		{C19CF43C-9122-4A83-923D-991D138BF4D3}.Release|x64.Build.0 = Release|x64
		{C436661B-0F26-467B-847A-CE4C799CD490}.Debug|x64.ActiveCfg = Debug|x64
		{C436661B-0F26-467B-847A-CE4C799CD490}.Debug|x64.Build.0 = Debug|x64
		{C436661B-0F26-467B-847A-CE4C799CD490}.Release|x64.ActiveCfg = Release|x64
		{C436661B-0F26-467B-847A-CE4C799CD490}.Release|x64.Build.0 = Release|x64
	EndGlobalSection
	GlobalSection(SolutionProperties) = preSolution
		HideSolutionNode = FALSE
	EndGlobalSection
	GlobalSection(ExtensibilityGlobals) = postSolution
		SolutionGuid = {BFBE274B-7B87-4F61-AF79-8219930D383E}
	EndGlobalSection
EndGlobal
